
Microsoft Visual Studio Solution File, Format Version 12.00
# Visual Studio 15
VisualStudioVersion = 15.0.27703.2047
MinimumVisualStudioVersion = 10.0.40219.1
Project("{FAE04EC0-301F-11D3-BF4B-00C04F79EFBC}") = "practica2", "practica2\practica2.csproj", "{D62C2155-DA77-4383-A9CC-2A8100164B76}"
EndProject
Global
	GlobalSection(SolutionConfigurationPlatforms) = preSolution
		Debug|Any CPU = Debug|Any CPU
		Release|Any CPU = Release|Any CPU
	EndGlobalSection
	GlobalSection(ProjectConfigurationPlatforms) = postSolution
		{D62C2155-DA77-4383-A9CC-2A8100164B76}.Debug|Any CPU.ActiveCfg = Debug|Any CPU
		{D62C2155-DA77-4383-A9CC-2A8100164B76}.Debug|Any CPU.Build.0 = Debug|Any CPU
		{D62C2155-DA77-4383-A9CC-2A8100164B76}.Release|Any CPU.ActiveCfg = Release|Any CPU
		{D62C2155-DA77-4383-A9CC-2A8100164B76}.Release|Any CPU.Build.0 = Release|Any CPU
	EndGlobalSection
	GlobalSection(SolutionProperties) = preSolution
		HideSolutionNode = FALSE
	EndGlobalSection
	GlobalSection(ExtensibilityGlobals) = postSolution
		SolutionGuid = {C778F44C-9B5A-41B3-9819-DC547DC91E58}
	EndGlobalSection
EndGlobal
